
Microsoft Visual Studio Solution File, Format Version 12.00
# Visual Studio Version 16
VisualStudioVersion = 16.0.31025.218
MinimumVisualStudioVersion = 10.0.40219.1
Project("{2150E333-8FDC-42A3-9474-1A3956D46DE8}") = "allconfigs", "allconfigs", "{D644EB99-BAE6-4FDD-99E0-B480D3489747}"
	ProjectSection(SolutionItems) = preProject
		allconfigs\CMakeLists.txt = allconfigs\CMakeLists.txt
	EndProjectSection
EndProject
Project("{2150E333-8FDC-42A3-9474-1A3956D46DE8}") = "Solution Items", "Solution Items", "{487B0963-1F11-4847-9209-7CF93167A072}"
	ProjectSection(SolutionItems) = preProject
		AnalyzeHeuristics.fsx = AnalyzeHeuristics.fsx
		BestGlobalLearningRates.fsx = BestGlobalLearningRates.fsx
		DynCreation.fsx = DynCreation.fsx
		FindOptimalLearningRate.fsx = FindOptimalLearningRate.fsx
		LatexOverallResultsAndCorrelations.fsx = LatexOverallResultsAndCorrelations.fsx
		LrDistrib.fsx = LrDistrib.fsx
		RankResults.fsx = RankResults.fsx
		TrainingIterationCount.fsx = TrainingIterationCount.fsx
		..\Support Tools\VisualStudioTextEditor.vssettings = ..\Support Tools\VisualStudioTextEditor.vssettings
	EndProjectSection
EndProject
Project("{2150E333-8FDC-42A3-9474-1A3956D46DE8}") = "singleconfig", "singleconfig", "{6CCEDAEB-07DD-4F2E-91CD-3118C814C0E1}"
	ProjectSection(SolutionItems) = preProject
		allconfigs\singleconfig\choose-eigen-variant.cmake = allconfigs\singleconfig\choose-eigen-variant.cmake
		allconfigs\singleconfig\CMakeLists.txt = allconfigs\singleconfig\CMakeLists.txt
		allconfigs\singleconfig\optimization-options.cmake = allconfigs\singleconfig\optimization-options.cmake
	EndProjectSection
EndProject
Project("{9A19103F-16F7-4668-BE54-9A1E7A4F7556}") = "EmnExtensionsWpf", "..\EmnExtensionsWpf\EmnExtensionsWpf.csproj", "{F50CC07F-68F1-455A-BE8D-A64D827F1A5C}"
EndProject
Project("{8BC9CEB8-8B4A-11D0-8D11-00A0C91BC942}") = "EmnExtensionsNative", "..\EmnExtensionsNative\EmnExtensionsNative.vcxproj", "{7CBC6D31-2104-4A4B-9FC2-D731E30103F5}"
EndProject
Project("{9A19103F-16F7-4668-BE54-9A1E7A4F7556}") = "EmnExtensions", "..\EmnExtensions\EmnExtensions.csproj", "{2F0A3E48-CD06-43BB-BFC6-6B6F568232B9}"
EndProject
Project("{8BC9CEB8-8B4A-11D0-8D11-00A0C91BC942}") = "LvqLibCli", "LvqLibCli\LvqLibCli.vcxproj", "{A4353940-C302-4556-BA67-3C4E977D1948}"
	ProjectSection(ProjectDependencies) = postProject
		{2783A490-0407-4758-9531-B2950F3058D5} = {2783A490-0407-4758-9531-B2950F3058D5}
	EndProjectSection
EndProject
Project("{8BC9CEB8-8B4A-11D0-8D11-00A0C91BC942}") = "LvqLib", "LvqLib\LvqLib.vcxproj", "{2783A490-0407-4758-9531-B2950F3058D5}"
EndProject
Project("{FAE04EC0-301F-11D3-BF4B-00C04F79EFBC}") = "LvqGui", "LvqGui\LvqGui.csproj", "{4B93E8BF-F146-48EE-98DF-787D4B9FFBBF}"
EndProject
Project("{8BC9CEB8-8B4A-11D0-8D11-00A0C91BC942}") = "LvqBench", "LvqBench\LvqBench.vcxproj", "{250D79C5-12D3-48EE-83A4-2F11627C0EF4}"
	ProjectSection(ProjectDependencies) = postProject
		{2783A490-0407-4758-9531-B2950F3058D5} = {2783A490-0407-4758-9531-B2950F3058D5}
	EndProjectSection
EndProject
Project("{8BC9CEB8-8B4A-11D0-8D11-00A0C91BC942}") = "EigenBench", "EigenBench\EigenBench.vcxproj", "{9CFA9A83-11BF-4404-989B-5CC8E795E1CA}"
EndProject
Project("{8BC9CEB8-8B4A-11D0-8D11-00A0C91BC942}") = "LvqLibTest", "LvqLibTest\LvqLibTest.vcxproj", "{41165ACC-4466-4C36-8397-8348DDF766E8}"
	ProjectSection(ProjectDependencies) = postProject
		{2783A490-0407-4758-9531-B2950F3058D5} = {2783A490-0407-4758-9531-B2950F3058D5}
	EndProjectSection
EndProject
Project("{6EC3EE1D-3C4E-46DD-8F32-0CC8E7565705}") = "ResultsAnalysis", "ResultsAnalysis\ResultsAnalysis.fsproj", "{76462FB4-A06F-440C-97A8-F341695F8410}"
EndProject
Global
	GlobalSection(SolutionConfigurationPlatforms) = preSolution
		Debug|Any CPU = Debug|Any CPU
		Debug|x64 = Debug|x64
		DebugGui|Any CPU = DebugGui|Any CPU
		DebugGui|x64 = DebugGui|x64
		Release|Any CPU = Release|Any CPU
		Release|x64 = Release|x64
		ReleaseMingw|Any CPU = ReleaseMingw|Any CPU
		ReleaseMingw|x64 = ReleaseMingw|x64
		ReleaseMingw2|Any CPU = ReleaseMingw2|Any CPU
		ReleaseMingw2|x64 = ReleaseMingw2|x64
		ReleaseNoVec|Any CPU = ReleaseNoVec|Any CPU
		ReleaseNoVec|x64 = ReleaseNoVec|x64
	EndGlobalSection
	GlobalSection(ProjectConfigurationPlatforms) = postSolution
		{F50CC07F-68F1-455A-BE8D-A64D827F1A5C}.Debug|Any CPU.ActiveCfg = Debug|Any CPU
		{F50CC07F-68F1-455A-BE8D-A64D827F1A5C}.Debug|Any CPU.Build.0 = Debug|Any CPU
		{F50CC07F-68F1-455A-BE8D-A64D827F1A5C}.Debug|x64.ActiveCfg = Debug|x64
		{F50CC07F-68F1-455A-BE8D-A64D827F1A5C}.Debug|x64.Build.0 = Debug|x64
		{F50CC07F-68F1-455A-BE8D-A64D827F1A5C}.DebugGui|Any CPU.ActiveCfg = Debug|Any CPU
		{F50CC07F-68F1-455A-BE8D-A64D827F1A5C}.DebugGui|Any CPU.Build.0 = Debug|Any CPU
		{F50CC07F-68F1-455A-BE8D-A64D827F1A5C}.DebugGui|x64.ActiveCfg = Debug|Any CPU
		{F50CC07F-68F1-455A-BE8D-A64D827F1A5C}.DebugGui|x64.Build.0 = Debug|Any CPU
		{F50CC07F-68F1-455A-BE8D-A64D827F1A5C}.Release|Any CPU.ActiveCfg = Release|Any CPU
		{F50CC07F-68F1-455A-BE8D-A64D827F1A5C}.Release|Any CPU.Build.0 = Release|Any CPU
		{F50CC07F-68F1-455A-BE8D-A64D827F1A5C}.Release|x64.ActiveCfg = Release|Any CPU
		{F50CC07F-68F1-455A-BE8D-A64D827F1A5C}.Release|x64.Build.0 = Release|Any CPU
		{F50CC07F-68F1-455A-BE8D-A64D827F1A5C}.ReleaseMingw|Any CPU.ActiveCfg = Release|Any CPU
		{F50CC07F-68F1-455A-BE8D-A64D827F1A5C}.ReleaseMingw|Any CPU.Build.0 = Release|Any CPU
		{F50CC07F-68F1-455A-BE8D-A64D827F1A5C}.ReleaseMingw|x64.ActiveCfg = Release|x64
		{F50CC07F-68F1-455A-BE8D-A64D827F1A5C}.ReleaseMingw|x64.Build.0 = Release|x64
		{F50CC07F-68F1-455A-BE8D-A64D827F1A5C}.ReleaseMingw2|Any CPU.ActiveCfg = Release|Any CPU
		{F50CC07F-68F1-455A-BE8D-A64D827F1A5C}.ReleaseMingw2|Any CPU.Build.0 = Release|Any CPU
		{F50CC07F-68F1-455A-BE8D-A64D827F1A5C}.ReleaseMingw2|x64.ActiveCfg = Release|x64
		{F50CC07F-68F1-455A-BE8D-A64D827F1A5C}.ReleaseMingw2|x64.Build.0 = Release|x64
		{F50CC07F-68F1-455A-BE8D-A64D827F1A5C}.ReleaseNoVec|Any CPU.ActiveCfg = Release|Any CPU
		{F50CC07F-68F1-455A-BE8D-A64D827F1A5C}.ReleaseNoVec|Any CPU.Build.0 = Release|Any CPU
		{F50CC07F-68F1-455A-BE8D-A64D827F1A5C}.ReleaseNoVec|x64.ActiveCfg = Release|x64
		{F50CC07F-68F1-455A-BE8D-A64D827F1A5C}.ReleaseNoVec|x64.Build.0 = Release|x64
		{7CBC6D31-2104-4A4B-9FC2-D731E30103F5}.Debug|Any CPU.ActiveCfg = Debug|Win32
		{7CBC6D31-2104-4A4B-9FC2-D731E30103F5}.Debug|x64.ActiveCfg = Debug|X64
		{7CBC6D31-2104-4A4B-9FC2-D731E30103F5}.Debug|x64.Build.0 = Debug|X64
		{7CBC6D31-2104-4A4B-9FC2-D731E30103F5}.DebugGui|Any CPU.ActiveCfg = Release|X64
		{7CBC6D31-2104-4A4B-9FC2-D731E30103F5}.DebugGui|Any CPU.Build.0 = Release|X64
		{7CBC6D31-2104-4A4B-9FC2-D731E30103F5}.DebugGui|x64.ActiveCfg = Debug|X64
		{7CBC6D31-2104-4A4B-9FC2-D731E30103F5}.DebugGui|x64.Build.0 = Debug|X64
		{7CBC6D31-2104-4A4B-9FC2-D731E30103F5}.Release|Any CPU.ActiveCfg = Release|Win32
		{7CBC6D31-2104-4A4B-9FC2-D731E30103F5}.Release|x64.ActiveCfg = Release|X64
		{7CBC6D31-2104-4A4B-9FC2-D731E30103F5}.Release|x64.Build.0 = Release|X64
		{7CBC6D31-2104-4A4B-9FC2-D731E30103F5}.ReleaseMingw|Any CPU.ActiveCfg = Release|X64
		{7CBC6D31-2104-4A4B-9FC2-D731E30103F5}.ReleaseMingw|Any CPU.Build.0 = Release|X64
		{7CBC6D31-2104-4A4B-9FC2-D731E30103F5}.ReleaseMingw|x64.ActiveCfg = Release|X64
		{7CBC6D31-2104-4A4B-9FC2-D731E30103F5}.ReleaseMingw|x64.Build.0 = Release|X64
		{7CBC6D31-2104-4A4B-9FC2-D731E30103F5}.ReleaseMingw2|Any CPU.ActiveCfg = Release|X64
		{7CBC6D31-2104-4A4B-9FC2-D731E30103F5}.ReleaseMingw2|Any CPU.Build.0 = Release|X64
		{7CBC6D31-2104-4A4B-9FC2-D731E30103F5}.ReleaseMingw2|x64.ActiveCfg = Release|X64
		{7CBC6D31-2104-4A4B-9FC2-D731E30103F5}.ReleaseMingw2|x64.Build.0 = Release|X64
		{7CBC6D31-2104-4A4B-9FC2-D731E30103F5}.ReleaseNoVec|Any CPU.ActiveCfg = Release|X64
		{7CBC6D31-2104-4A4B-9FC2-D731E30103F5}.ReleaseNoVec|Any CPU.Build.0 = Release|X64
		{7CBC6D31-2104-4A4B-9FC2-D731E30103F5}.ReleaseNoVec|x64.ActiveCfg = Release|X64
		{7CBC6D31-2104-4A4B-9FC2-D731E30103F5}.ReleaseNoVec|x64.Build.0 = Release|X64
		{2F0A3E48-CD06-43BB-BFC6-6B6F568232B9}.Debug|Any CPU.ActiveCfg = Debug|Any CPU
		{2F0A3E48-CD06-43BB-BFC6-6B6F568232B9}.Debug|Any CPU.Build.0 = Debug|Any CPU
		{2F0A3E48-CD06-43BB-BFC6-6B6F568232B9}.Debug|x64.ActiveCfg = Debug|Any CPU
		{2F0A3E48-CD06-43BB-BFC6-6B6F568232B9}.Debug|x64.Build.0 = Debug|Any CPU
		{2F0A3E48-CD06-43BB-BFC6-6B6F568232B9}.DebugGui|Any CPU.ActiveCfg = Debug|Any CPU
		{2F0A3E48-CD06-43BB-BFC6-6B6F568232B9}.DebugGui|Any CPU.Build.0 = Debug|Any CPU
		{2F0A3E48-CD06-43BB-BFC6-6B6F568232B9}.DebugGui|x64.ActiveCfg = Debug|Any CPU
		{2F0A3E48-CD06-43BB-BFC6-6B6F568232B9}.DebugGui|x64.Build.0 = Debug|Any CPU
		{2F0A3E48-CD06-43BB-BFC6-6B6F568232B9}.Release|Any CPU.ActiveCfg = Release|Any CPU
		{2F0A3E48-CD06-43BB-BFC6-6B6F568232B9}.Release|Any CPU.Build.0 = Release|Any CPU
		{2F0A3E48-CD06-43BB-BFC6-6B6F568232B9}.Release|x64.ActiveCfg = Release|Any CPU
		{2F0A3E48-CD06-43BB-BFC6-6B6F568232B9}.Release|x64.Build.0 = Release|Any CPU
		{2F0A3E48-CD06-43BB-BFC6-6B6F568232B9}.ReleaseMingw|Any CPU.ActiveCfg = Release|Any CPU
		{2F0A3E48-CD06-43BB-BFC6-6B6F568232B9}.ReleaseMingw|Any CPU.Build.0 = Release|Any CPU
		{2F0A3E48-CD06-43BB-BFC6-6B6F568232B9}.ReleaseMingw|x64.ActiveCfg = Release|Any CPU
		{2F0A3E48-CD06-43BB-BFC6-6B6F568232B9}.ReleaseMingw|x64.Build.0 = Release|Any CPU
		{2F0A3E48-CD06-43BB-BFC6-6B6F568232B9}.ReleaseMingw2|Any CPU.ActiveCfg = Release|Any CPU
		{2F0A3E48-CD06-43BB-BFC6-6B6F568232B9}.ReleaseMingw2|Any CPU.Build.0 = Release|Any CPU
		{2F0A3E48-CD06-43BB-BFC6-6B6F568232B9}.ReleaseMingw2|x64.ActiveCfg = Release|Any CPU
		{2F0A3E48-CD06-43BB-BFC6-6B6F568232B9}.ReleaseMingw2|x64.Build.0 = Release|Any CPU
		{2F0A3E48-CD06-43BB-BFC6-6B6F568232B9}.ReleaseNoVec|Any CPU.ActiveCfg = Release|Any CPU
		{2F0A3E48-CD06-43BB-BFC6-6B6F568232B9}.ReleaseNoVec|Any CPU.Build.0 = Release|Any CPU
		{2F0A3E48-CD06-43BB-BFC6-6B6F568232B9}.ReleaseNoVec|x64.ActiveCfg = Release|Any CPU
		{2F0A3E48-CD06-43BB-BFC6-6B6F568232B9}.ReleaseNoVec|x64.Build.0 = Release|Any CPU
		{A4353940-C302-4556-BA67-3C4E977D1948}.Debug|Any CPU.ActiveCfg = Debug|x64
		{A4353940-C302-4556-BA67-3C4E977D1948}.Debug|x64.ActiveCfg = Debug|x64
		{A4353940-C302-4556-BA67-3C4E977D1948}.Debug|x64.Build.0 = Debug|x64
		{A4353940-C302-4556-BA67-3C4E977D1948}.DebugGui|Any CPU.ActiveCfg = DebugGui|x64
		{A4353940-C302-4556-BA67-3C4E977D1948}.DebugGui|x64.ActiveCfg = DebugGui|x64
		{A4353940-C302-4556-BA67-3C4E977D1948}.DebugGui|x64.Build.0 = DebugGui|x64
		{A4353940-C302-4556-BA67-3C4E977D1948}.Release|Any CPU.ActiveCfg = Release|x64
		{A4353940-C302-4556-BA67-3C4E977D1948}.Release|x64.ActiveCfg = Release|x64
		{A4353940-C302-4556-BA67-3C4E977D1948}.Release|x64.Build.0 = Release|x64
		{A4353940-C302-4556-BA67-3C4E977D1948}.ReleaseMingw|Any CPU.ActiveCfg = ReleaseMingw|x64
		{A4353940-C302-4556-BA67-3C4E977D1948}.ReleaseMingw|x64.ActiveCfg = ReleaseMingw|x64
		{A4353940-C302-4556-BA67-3C4E977D1948}.ReleaseMingw|x64.Build.0 = ReleaseMingw|x64
		{A4353940-C302-4556-BA67-3C4E977D1948}.ReleaseMingw2|Any CPU.ActiveCfg = ReleaseNoVec|x64
		{A4353940-C302-4556-BA67-3C4E977D1948}.ReleaseMingw2|Any CPU.Build.0 = ReleaseNoVec|x64
		{A4353940-C302-4556-BA67-3C4E977D1948}.ReleaseMingw2|x64.ActiveCfg = ReleaseMingw|x64
		{A4353940-C302-4556-BA67-3C4E977D1948}.ReleaseMingw2|x64.Build.0 = ReleaseMingw|x64
		{A4353940-C302-4556-BA67-3C4E977D1948}.ReleaseNoVec|Any CPU.ActiveCfg = ReleaseNoVec|x64
		{A4353940-C302-4556-BA67-3C4E977D1948}.ReleaseNoVec|x64.ActiveCfg = ReleaseNoVec|x64
		{A4353940-C302-4556-BA67-3C4E977D1948}.ReleaseNoVec|x64.Build.0 = ReleaseNoVec|x64
		{2783A490-0407-4758-9531-B2950F3058D5}.Debug|Any CPU.ActiveCfg = Debug|x64
		{2783A490-0407-4758-9531-B2950F3058D5}.Debug|x64.ActiveCfg = Debug|x64
		{2783A490-0407-4758-9531-B2950F3058D5}.Debug|x64.Build.0 = Debug|x64
		{2783A490-0407-4758-9531-B2950F3058D5}.DebugGui|Any CPU.ActiveCfg = DebugGui|x64
		{2783A490-0407-4758-9531-B2950F3058D5}.DebugGui|x64.ActiveCfg = DebugGui|x64
		{2783A490-0407-4758-9531-B2950F3058D5}.DebugGui|x64.Build.0 = DebugGui|x64
		{2783A490-0407-4758-9531-B2950F3058D5}.Release|Any CPU.ActiveCfg = Release|x64
		{2783A490-0407-4758-9531-B2950F3058D5}.Release|x64.ActiveCfg = Release|x64
		{2783A490-0407-4758-9531-B2950F3058D5}.Release|x64.Build.0 = Release|x64
		{2783A490-0407-4758-9531-B2950F3058D5}.ReleaseMingw|Any CPU.ActiveCfg = ReleaseMingw|x64
		{2783A490-0407-4758-9531-B2950F3058D5}.ReleaseMingw|x64.ActiveCfg = ReleaseMingw|x64
		{2783A490-0407-4758-9531-B2950F3058D5}.ReleaseMingw|x64.Build.0 = ReleaseMingw|x64
		{2783A490-0407-4758-9531-B2950F3058D5}.ReleaseMingw2|Any CPU.ActiveCfg = ReleaseNoVec|x64
		{2783A490-0407-4758-9531-B2950F3058D5}.ReleaseMingw2|Any CPU.Build.0 = ReleaseNoVec|x64
		{2783A490-0407-4758-9531-B2950F3058D5}.ReleaseMingw2|x64.ActiveCfg = ReleaseMingw|x64
		{2783A490-0407-4758-9531-B2950F3058D5}.ReleaseMingw2|x64.Build.0 = ReleaseMingw|x64
		{2783A490-0407-4758-9531-B2950F3058D5}.ReleaseNoVec|Any CPU.ActiveCfg = ReleaseNoVec|x64
		{2783A490-0407-4758-9531-B2950F3058D5}.ReleaseNoVec|x64.ActiveCfg = ReleaseNoVec|x64
		{2783A490-0407-4758-9531-B2950F3058D5}.ReleaseNoVec|x64.Build.0 = ReleaseNoVec|x64
		{4B93E8BF-F146-48EE-98DF-787D4B9FFBBF}.Debug|Any CPU.ActiveCfg = Debug|Any CPU
		{4B93E8BF-F146-48EE-98DF-787D4B9FFBBF}.Debug|Any CPU.Build.0 = Debug|Any CPU
		{4B93E8BF-F146-48EE-98DF-787D4B9FFBBF}.Debug|x64.ActiveCfg = Debug|x64
		{4B93E8BF-F146-48EE-98DF-787D4B9FFBBF}.Debug|x64.Build.0 = Debug|x64
		{4B93E8BF-F146-48EE-98DF-787D4B9FFBBF}.DebugGui|Any CPU.ActiveCfg = DebugGui|x64
		{4B93E8BF-F146-48EE-98DF-787D4B9FFBBF}.DebugGui|x64.ActiveCfg = DebugGui|x64
		{4B93E8BF-F146-48EE-98DF-787D4B9FFBBF}.DebugGui|x64.Build.0 = DebugGui|x64
		{4B93E8BF-F146-48EE-98DF-787D4B9FFBBF}.Release|Any CPU.ActiveCfg = Release|Any CPU
		{4B93E8BF-F146-48EE-98DF-787D4B9FFBBF}.Release|Any CPU.Build.0 = Release|Any CPU
		{4B93E8BF-F146-48EE-98DF-787D4B9FFBBF}.Release|x64.ActiveCfg = Release|x64
		{4B93E8BF-F146-48EE-98DF-787D4B9FFBBF}.Release|x64.Build.0 = Release|x64
		{4B93E8BF-F146-48EE-98DF-787D4B9FFBBF}.ReleaseMingw|Any CPU.ActiveCfg = ReleaseMingw|x64
		{4B93E8BF-F146-48EE-98DF-787D4B9FFBBF}.ReleaseMingw|x64.ActiveCfg = ReleaseMingw|x64
		{4B93E8BF-F146-48EE-98DF-787D4B9FFBBF}.ReleaseMingw|x64.Build.0 = ReleaseMingw|x64
		{4B93E8BF-F146-48EE-98DF-787D4B9FFBBF}.ReleaseMingw2|Any CPU.ActiveCfg = ReleaseMingw2|x64
		{4B93E8BF-F146-48EE-98DF-787D4B9FFBBF}.ReleaseMingw2|x64.ActiveCfg = ReleaseMingw2|x64
		{4B93E8BF-F146-48EE-98DF-787D4B9FFBBF}.ReleaseMingw2|x64.Build.0 = ReleaseMingw2|x64
		{4B93E8BF-F146-48EE-98DF-787D4B9FFBBF}.ReleaseNoVec|Any CPU.ActiveCfg = Release|Any CPU
		{4B93E8BF-F146-48EE-98DF-787D4B9FFBBF}.ReleaseNoVec|Any CPU.Build.0 = Release|Any CPU
		{4B93E8BF-F146-48EE-98DF-787D4B9FFBBF}.ReleaseNoVec|x64.ActiveCfg = ReleaseMingw2|x64
		{4B93E8BF-F146-48EE-98DF-787D4B9FFBBF}.ReleaseNoVec|x64.Build.0 = ReleaseMingw2|x64
		{250D79C5-12D3-48EE-83A4-2F11627C0EF4}.Debug|Any CPU.ActiveCfg = Debug|x64
		{250D79C5-12D3-48EE-83A4-2F11627C0EF4}.Debug|x64.ActiveCfg = Debug|x64
		{250D79C5-12D3-48EE-83A4-2F11627C0EF4}.Debug|x64.Build.0 = Debug|x64
		{250D79C5-12D3-48EE-83A4-2F11627C0EF4}.DebugGui|Any CPU.ActiveCfg = ReleaseMingw|x64
		{250D79C5-12D3-48EE-83A4-2F11627C0EF4}.DebugGui|Any CPU.Build.0 = ReleaseMingw|x64
		{250D79C5-12D3-48EE-83A4-2F11627C0EF4}.DebugGui|x64.ActiveCfg = Debug|x64
		{250D79C5-12D3-48EE-83A4-2F11627C0EF4}.Release|Any CPU.ActiveCfg = Release|x64
		{250D79C5-12D3-48EE-83A4-2F11627C0EF4}.Release|x64.ActiveCfg = Release|x64
		{250D79C5-12D3-48EE-83A4-2F11627C0EF4}.Release|x64.Build.0 = Release|x64
		{250D79C5-12D3-48EE-83A4-2F11627C0EF4}.ReleaseMingw|Any CPU.ActiveCfg = ReleaseMingw|x64
		{250D79C5-12D3-48EE-83A4-2F11627C0EF4}.ReleaseMingw|x64.ActiveCfg = ReleaseMingw|x64
		{250D79C5-12D3-48EE-83A4-2F11627C0EF4}.ReleaseMingw|x64.Build.0 = ReleaseMingw|x64
		{250D79C5-12D3-48EE-83A4-2F11627C0EF4}.ReleaseMingw2|Any CPU.ActiveCfg = ReleaseMingw|x64
		{250D79C5-12D3-48EE-83A4-2F11627C0EF4}.ReleaseMingw2|Any CPU.Build.0 = ReleaseMingw|x64
		{250D79C5-12D3-48EE-83A4-2F11627C0EF4}.ReleaseMingw2|x64.ActiveCfg = Release|x64
		{250D79C5-12D3-48EE-83A4-2F11627C0EF4}.ReleaseMingw2|x64.Build.0 = Release|x64
		{250D79C5-12D3-48EE-83A4-2F11627C0EF4}.ReleaseNoVec|Any CPU.ActiveCfg = ReleaseNoVec|x64
		{250D79C5-12D3-48EE-83A4-2F11627C0EF4}.ReleaseNoVec|x64.ActiveCfg = ReleaseNoVec|x64
		{250D79C5-12D3-48EE-83A4-2F11627C0EF4}.ReleaseNoVec|x64.Build.0 = ReleaseNoVec|x64
		{9CFA9A83-11BF-4404-989B-5CC8E795E1CA}.Debug|Any CPU.ActiveCfg = Debug|X64
		{9CFA9A83-11BF-4404-989B-5CC8E795E1CA}.Debug|x64.ActiveCfg = Debug|X64
		{9CFA9A83-11BF-4404-989B-5CC8E795E1CA}.Debug|x64.Build.0 = Debug|X64
		{9CFA9A83-11BF-4404-989B-5CC8E795E1CA}.DebugGui|Any CPU.ActiveCfg = Release|X64
		{9CFA9A83-11BF-4404-989B-5CC8E795E1CA}.DebugGui|x64.ActiveCfg = Debug|X64
		{9CFA9A83-11BF-4404-989B-5CC8E795E1CA}.Release|Any CPU.ActiveCfg = Release|X64
		{9CFA9A83-11BF-4404-989B-5CC8E795E1CA}.Release|x64.ActiveCfg = Release|X64
		{9CFA9A83-11BF-4404-989B-5CC8E795E1CA}.Release|x64.Build.0 = Release|X64
		{9CFA9A83-11BF-4404-989B-5CC8E795E1CA}.ReleaseMingw|Any CPU.ActiveCfg = Release|X64
		{9CFA9A83-11BF-4404-989B-5CC8E795E1CA}.ReleaseMingw|x64.ActiveCfg = Release|X64
		{9CFA9A83-11BF-4404-989B-5CC8E795E1CA}.ReleaseMingw2|Any CPU.ActiveCfg = Release|X64
		{9CFA9A83-11BF-4404-989B-5CC8E795E1CA}.ReleaseMingw2|x64.ActiveCfg = Release|X64
		{9CFA9A83-11BF-4404-989B-5CC8E795E1CA}.ReleaseNoVec|Any CPU.ActiveCfg = Release|X64
		{9CFA9A83-11BF-4404-989B-5CC8E795E1CA}.ReleaseNoVec|x64.ActiveCfg = Release|X64
		{9CFA9A83-11BF-4404-989B-5CC8E795E1CA}.ReleaseNoVec|x64.Build.0 = Release|X64
		{41165ACC-4466-4C36-8397-8348DDF766E8}.Debug|Any CPU.ActiveCfg = Debug|x64
		{41165ACC-4466-4C36-8397-8348DDF766E8}.Debug|x64.ActiveCfg = Debug|x64
		{41165ACC-4466-4C36-8397-8348DDF766E8}.Debug|x64.Build.0 = Debug|x64
		{41165ACC-4466-4C36-8397-8348DDF766E8}.DebugGui|Any CPU.ActiveCfg = ReleaseDev|x64
		{41165ACC-4466-4C36-8397-8348DDF766E8}.DebugGui|x64.ActiveCfg = Debug|x64
		{41165ACC-4466-4C36-8397-8348DDF766E8}.DebugGui|x64.Build.0 = Debug|x64
		{41165ACC-4466-4C36-8397-8348DDF766E8}.Release|Any CPU.ActiveCfg = Release|x64
		{41165ACC-4466-4C36-8397-8348DDF766E8}.Release|x64.ActiveCfg = Release|x64
		{41165ACC-4466-4C36-8397-8348DDF766E8}.Release|x64.Build.0 = Release|x64
		{41165ACC-4466-4C36-8397-8348DDF766E8}.ReleaseMingw|Any CPU.ActiveCfg = ReleaseDev|x64
		{41165ACC-4466-4C36-8397-8348DDF766E8}.ReleaseMingw|x64.ActiveCfg = ReleaseDev|x64
		{41165ACC-4466-4C36-8397-8348DDF766E8}.ReleaseMingw2|Any CPU.ActiveCfg = ReleaseDev|x64
		{41165ACC-4466-4C36-8397-8348DDF766E8}.ReleaseMingw2|x64.ActiveCfg = ReleaseNoVec|x64
		{41165ACC-4466-4C36-8397-8348DDF766E8}.ReleaseNoVec|Any CPU.ActiveCfg = ReleaseNoVec|x64
		{41165ACC-4466-4C36-8397-8348DDF766E8}.ReleaseNoVec|x64.ActiveCfg = ReleaseNoVec|x64
		{41165ACC-4466-4C36-8397-8348DDF766E8}.ReleaseNoVec|x64.Build.0 = ReleaseNoVec|x64
		{76462FB4-A06F-440C-97A8-F341695F8410}.Debug|Any CPU.ActiveCfg = Debug|Any CPU
		{76462FB4-A06F-440C-97A8-F341695F8410}.Debug|x64.ActiveCfg = Debug|Any CPU
		{76462FB4-A06F-440C-97A8-F341695F8410}.Debug|x64.Build.0 = Debug|Any CPU
		{76462FB4-A06F-440C-97A8-F341695F8410}.DebugGui|Any CPU.ActiveCfg = Debug|Any CPU
		{76462FB4-A06F-440C-97A8-F341695F8410}.DebugGui|x64.ActiveCfg = Debug|x64
		{76462FB4-A06F-440C-97A8-F341695F8410}.DebugGui|x64.Build.0 = Debug|x64
		{76462FB4-A06F-440C-97A8-F341695F8410}.Release|Any CPU.ActiveCfg = Release|Any CPU
		{76462FB4-A06F-440C-97A8-F341695F8410}.Release|x64.ActiveCfg = Release|x64
		{76462FB4-A06F-440C-97A8-F341695F8410}.Release|x64.Build.0 = Release|x64
		{76462FB4-A06F-440C-97A8-F341695F8410}.ReleaseMingw|Any CPU.ActiveCfg = ReleaseMingw|x64
		{76462FB4-A06F-440C-97A8-F341695F8410}.ReleaseMingw|x64.ActiveCfg = ReleaseMingw|x64
		{76462FB4-A06F-440C-97A8-F341695F8410}.ReleaseMingw|x64.Build.0 = ReleaseMingw|x64
		{76462FB4-A06F-440C-97A8-F341695F8410}.ReleaseMingw2|Any CPU.ActiveCfg = ReleaseMingw2|x64
		{76462FB4-A06F-440C-97A8-F341695F8410}.ReleaseMingw2|x64.ActiveCfg = ReleaseMingw2|x64
		{76462FB4-A06F-440C-97A8-F341695F8410}.ReleaseMingw2|x64.Build.0 = ReleaseMingw2|x64
		{76462FB4-A06F-440C-97A8-F341695F8410}.ReleaseNoVec|Any CPU.ActiveCfg = Release|Any CPU
		{76462FB4-A06F-440C-97A8-F341695F8410}.ReleaseNoVec|x64.ActiveCfg = ReleaseMingw2|x64
		{76462FB4-A06F-440C-97A8-F341695F8410}.ReleaseNoVec|x64.Build.0 = ReleaseMingw2|x64
	EndGlobalSection
	GlobalSection(SolutionProperties) = preSolution
		HideSolutionNode = FALSE
	EndGlobalSection
	GlobalSection(ExtensibilityGlobals) = postSolution
		SolutionGuid = {6DEFE07C-A576-4FA2-B855-FF39F185EBF7}
	EndGlobalSection
EndGlobal
