<?xml version="1.0" encoding="utf-8"?>
<Project ToolsVersion="4.0" xmlns="http://schemas.microsoft.com/developer/msbuild/2003">
  <ItemGroup>
    <Filter Include="Header Files">
      <UniqueIdentifier>{93995380-89BD-4b04-88EB-625FBE52EBFB}</UniqueIdentifier>
      <Extensions>h;hpp;hxx;hm;inl;inc;xsd</Extensions>
    </Filter>
    <Filter Include="Resource Files">
      <UniqueIdentifier>{67DA6AB6-F800-4c08-8B7A-83BB121AAD01}</UniqueIdentifier>
      <Extensions>rc;ico;cur;bmp;dlg;rc2;rct;bin;rgs;gif;jpg;jpeg;jpe;resx;tiff;tif;png;wav</Extensions>
    </Filter>
    <Filter Include="Source Files">
      <UniqueIdentifier>{4FC737F1-C7A5-4376-A066-2A32D752A2FF}</UniqueIdentifier>
      <Extensions>cpp;c;cc;cxx;def;odl;idl;hpj;bat;asm;asmx</Extensions>
    </Filter>
  </ItemGroup>
  <ItemGroup>
    <ClCompile Include="G2mLvqModel.cpp">
      <Filter>Source Files</Filter>
    </ClCompile>
    <ClCompile Include="LvqDataset.cpp">
      <Filter>Source Files</Filter>
    </ClCompile>
    <ClCompile Include="stdafx.cpp">
      <Filter>Source Files</Filter>
    </ClCompile>
    <ClCompile Include="utils.cpp">
      <Filter>Source Files</Filter>
    </ClCompile>
    <ClCompile Include="LvqModel.cpp">
      <Filter>Source Files</Filter>
    </ClCompile>
    <ClCompile Include="PCA.cpp">
      <Filter>Source Files</Filter>
    </ClCompile>
    <ClCompile Include="LvqProjectionModel.cpp">
      <Filter>Source Files</Filter>
    </ClCompile>
    <ClCompile Include="LvqModelSettings.cpp">
      <Filter>Source Files</Filter>
    </ClCompile>
    <ClCompile Include="GoodBadMatch.cpp">
      <Filter>Source Files</Filter>
    </ClCompile>
    <ClCompile Include="NearestNeighbor.cpp">
      <Filter>Source Files</Filter>
    </ClCompile>
    <ClCompile Include="CreateDataset.cpp">
      <Filter>Source Files</Filter>
    </ClCompile>
    <ClCompile Include="NeuralGas.cpp">
      <Filter>Source Files</Filter>
    </ClCompile>
    <ClCompile Include="LgmLvqModel.cpp">
      <Filter>Source Files</Filter>
    </ClCompile>
    <ClCompile Include="GgmLvqModel.cpp">
      <Filter>Source Files</Filter>
    </ClCompile>
    <ClCompile Include="GmLvqModel.cpp">
      <Filter>Source Files</Filter>
    </ClCompile>
    <ClCompile Include="LvqLib.cpp">
      <Filter>Source Files</Filter>
    </ClCompile>
    <ClCompile Include="GpqLvqModel.cpp">
      <Filter>Source Files</Filter>
    </ClCompile>
    <ClCompile Include="GmFullLvqModel.cpp">
      <Filter>Source Files</Filter>
    </ClCompile>
    <ClCompile Include="LpqLvqModel.cpp">
      <Filter>Source Files</Filter>
    </ClCompile>
    <ClCompile Include="FgmLvqModel.cpp">
      <Filter>Source Files</Filter>
    </ClCompile>
  </ItemGroup>
  <ItemGroup>
    <ClInclude Include="G2mLvqModel.h">
      <Filter>Header Files</Filter>
    </ClInclude>
    <ClInclude Include="G2mLvqPrototype.h">
      <Filter>Header Files</Filter>
    </ClInclude>
    <ClInclude Include="LvqConstants.h">
      <Filter>Header Files</Filter>
    </ClInclude>
    <ClInclude Include="stdafx.h">
      <Filter>Header Files</Filter>
    </ClInclude>
    <ClInclude Include="utils.h">
      <Filter>Header Files</Filter>
    </ClInclude>
    <ClInclude Include="LvqDataset.h">
      <Filter>Header Files</Filter>
    </ClInclude>
    <ClInclude Include="SmartSum.h">
      <Filter>Header Files</Filter>
    </ClInclude>
    <ClInclude Include="LvqModel.h">
      <Filter>Header Files</Filter>
    </ClInclude>
    <ClInclude Include="LvqProjectionModel.h">
      <Filter>Header Files</Filter>
    </ClInclude>
    <ClInclude Include="LvqModelFindMatches.h">
      <Filter>Header Files</Filter>
    </ClInclude>
    <ClInclude Include="LvqProjectionModelBase.h">
      <Filter>Header Files</Filter>
    </ClInclude>
    <ClInclude Include="GoodBadMatch.h">
      <Filter>Header Files</Filter>
    </ClInclude>
    <ClInclude Include="PCA.h">
      <Filter>Header Files</Filter>
    </ClInclude>
    <ClInclude Include="CovarianceAndMean.h">
      <Filter>Header Files</Filter>
    </ClInclude>
    <ClInclude Include="LvqModelSettings.h">
      <Filter>Header Files</Filter>
    </ClInclude>
    <ClInclude Include="LvqTypedefs.h">
      <Filter>Header Files</Filter>
    </ClInclude>
    <ClInclude Include="MeanMinMax.h">
      <Filter>Header Files</Filter>
    </ClInclude>
    <ClInclude Include="shuffle.h">
      <Filter>Header Files</Filter>
    </ClInclude>
    <ClInclude Include="NearestNeighbor.h">
      <Filter>Header Files</Filter>
    </ClInclude>
    <ClInclude Include="CreateDataset.h">
      <Filter>Header Files</Filter>
    </ClInclude>
    <ClInclude Include="NeuralGas.h">
      <Filter>Header Files</Filter>
    </ClInclude>
    <ClInclude Include="prefetch.h">
      <Filter>Header Files</Filter>
    </ClInclude>
    <ClInclude Include="LgmLvqModel.h">
      <Filter>Header Files</Filter>
    </ClInclude>
    <ClInclude Include="GgmLvqModel.h">
      <Filter>Header Files</Filter>
    </ClInclude>
    <ClInclude Include="GgmLvqPrototype.h">
      <Filter>Header Files</Filter>
    </ClInclude>
    <ClInclude Include="GmLvqModel.h">
      <Filter>Header Files</Filter>
    </ClInclude>
    <ClInclude Include="unused_utils.h">
      <Filter>Header Files</Filter>
    </ClInclude>
    <ClInclude Include="copy_ptr.h">
      <Filter>Header Files</Filter>
    </ClInclude>
    <ClInclude Include="LvqLib.h">
      <Filter>Header Files</Filter>
    </ClInclude>
    <ClInclude Include="GpqLvqModel.h">
      <Filter>Header Files</Filter>
    </ClInclude>
    <ClInclude Include="GmFullLvqModel.h">
      <Filter>Header Files</Filter>
    </ClInclude>
    <ClInclude Include="LpqLvqModel.h">
      <Filter>Header Files</Filter>
    </ClInclude>
    <ClInclude Include="FgmLvqPrototype.h">
      <Filter>Header Files</Filter>
    </ClInclude>
    <ClInclude Include="FgmLvqModel.h">
      <Filter>Header Files</Filter>
    </ClInclude>
    <ClInclude Include="randomProjectionMatrix.h">
      <Filter>Header Files</Filter>
    </ClInclude>
    <ClInclude Include="randomUnscalingMatrix.h">
      <Filter>Header Files</Filter>
    </ClInclude>
    <ClInclude Include="randomScalingMatrix.h">
      <Filter>Header Files</Filter>
    </ClInclude>
    <ClInclude Include="randomOrthogonalMatrix.h">
      <Filter>Header Files</Filter>
    </ClInclude>
    <ClInclude Include="randomMatrixInit.h">
      <Filter>Header Files</Filter>
    </ClInclude>
    <ClInclude Include="uniformRandomizeMatrix.h">
      <Filter>Header Files</Filter>
    </ClInclude>
  </ItemGroup>
  <ItemGroup>
    <None Include="CMakeLists.txt" />
  </ItemGroup>
</Project>